{
  "version": 4,
  "terraform_version": "1.4.6",
  "serial": 27,
  "lineage": "2becb74b-4085-9eae-b8bb-a11997cc0248",
  "outputs": {},
  "resources": [
    {
      "mode": "managed",
      "type": "digitalocean_droplet",
      "name": "master",
      "provider": "provider[\"registry.terraform.io/digitalocean/digitalocean\"]",
      "instances": [
        {
          "schema_version": 1,
          "attributes": {
            "backups": false,
            "created_at": "2023-05-12T16:53:37Z",
            "disk": 160,
            "droplet_agent": null,
            "graceful_shutdown": false,
            "id": "355036892",
            "image": "centos-stream-9-x64",
            "ipv4_address": "157.230.179.0",
            "ipv4_address_private": "10.116.0.5",
            "ipv6": false,
            "ipv6_address": "",
            "locked": false,
            "memory": 8192,
            "monitoring": false,
            "name": "okd-master",
            "price_hourly": 0.07143,
            "price_monthly": 48,
            "private_networking": true,
            "region": "nyc1",
            "resize_disk": true,
            "size": "s-4vcpu-8gb",
            "ssh_keys": null,
            "status": "active",
            "tags": [
              "okd-master"
            ],
            "timeouts": null,
            "urn": "do:droplet:355036892",
            "user_data": null,
            "vcpus": 4,
            "volume_ids": [],
            "vpc_uuid": "6d7ccdda-8eff-4e30-9bd0-0c41c608a0ae"
          },
          "sensitive_attributes": [],
          "private": "eyJlMmJmYjczMC1lY2FhLTExZTYtOGY4OC0zNDM2M2JjN2M0YzAiOnsiY3JlYXRlIjozNjAwMDAwMDAwMDAwLCJkZWxldGUiOjYwMDAwMDAwMDAwLCJ1cGRhdGUiOjM2MDAwMDAwMDAwMDB9LCJzY2hlbWFfdmVyc2lvbiI6IjEifQ=="
        }
      ]
    },
    {
      "mode": "managed",
      "type": "digitalocean_firewall",
      "name": "okd",
      "provider": "provider[\"registry.terraform.io/digitalocean/digitalocean\"]",
      "instances": [
        {
          "schema_version": 0,
          "attributes": {
            "created_at": "2023-05-12T16:53:37Z",
            "droplet_ids": null,
            "id": "4a83f9c5-d494-4dfd-a942-ab7af74e2034",
            "inbound_rule": [
              {
                "port_range": "22",
                "protocol": "tcp",
                "source_addresses": [
                  "0.0.0.0/0"
                ],
                "source_droplet_ids": [],
                "source_kubernetes_ids": [],
                "source_load_balancer_uids": [],
                "source_tags": []
              },
              {
                "port_range": "443",
                "protocol": "tcp",
                "source_addresses": [
                  "0.0.0.0/0"
                ],
                "source_droplet_ids": [],
                "source_kubernetes_ids": [],
                "source_load_balancer_uids": [],
                "source_tags": []
              },
              {
                "port_range": "80",
                "protocol": "tcp",
                "source_addresses": [
                  "0.0.0.0/0"
                ],
                "source_droplet_ids": [],
                "source_kubernetes_ids": [],
                "source_load_balancer_uids": [],
                "source_tags": []
              }
            ],
            "name": "okd-firewall",
            "outbound_rule": [],
            "pending_changes": [],
            "status": "succeeded",
            "tags": null
          },
          "sensitive_attributes": [],
          "private": "bnVsbA=="
        }
      ]
    }
  ],
  "check_results": null
}
